
Microsoft Visual Studio Solution File, Format Version 12.00
# Visual Studio 15
VisualStudioVersion = 15.0.26124.0
MinimumVisualStudioVersion = 15.0.26124.0
Project("{FAE04EC0-301F-11D3-BF4B-00C04F79EFBC}") = "AdventOfCode.Shared", "AdventOfCode.Shared\AdventOfCode.Shared.csproj", "{7B507CC6-1E83-4F8B-8E00-FDC414CAD736}"
EndProject
Project("{FAE04EC0-301F-11D3-BF4B-00C04F79EFBC}") = "AdventOfCode.2015", "AdventOfCode.2015\AdventOfCode.2015.csproj", "{38708ACD-D1EC-41DA-B6E8-83B4ADCE2EBD}"
EndProject
Project("{FAE04EC0-301F-11D3-BF4B-00C04F79EFBC}") = "AdventOfCode.2016", "AdventOfCode.2016\AdventOfCode.2016.csproj", "{68A6A129-C753-4DAA-9735-0746B57CED47}"
EndProject
Project("{FAE04EC0-301F-11D3-BF4B-00C04F79EFBC}") = "AdventOfCode.2017", "AdventOfCode.2017\AdventOfCode.2017.csproj", "{5A516C6C-3D1E-4D11-8A84-F9AA1301DA0F}"
EndProject
Project("{FAE04EC0-301F-11D3-BF4B-00C04F79EFBC}") = "AdventOfCode.2018", "AdventOfCode.2018\AdventOfCode.2018.csproj", "{AA5316B9-E22B-44F1-94D0-6A759A3E9517}"
EndProject
Project("{FAE04EC0-301F-11D3-BF4B-00C04F79EFBC}") = "AdventOfCode.2019", "AdventOfCode.2019\AdventOfCode.2019.csproj", "{42F37055-4ADB-4056-AFC8-107FF2E374F7}"
EndProject
Project("{FAE04EC0-301F-11D3-BF4B-00C04F79EFBC}") = "AdventOfCode.Tests", "AdventOfCode.Tests\AdventOfCode.Tests.csproj", "{CB628A57-2519-4E17-874C-8CDF3CC78C30}"
EndProject
Global
	GlobalSection(SolutionConfigurationPlatforms) = preSolution
		Debug|Any CPU = Debug|Any CPU
		Debug|x64 = Debug|x64
		Debug|x86 = Debug|x86
		Release|Any CPU = Release|Any CPU
		Release|x64 = Release|x64
		Release|x86 = Release|x86
	EndGlobalSection
	GlobalSection(SolutionProperties) = preSolution
		HideSolutionNode = FALSE
	EndGlobalSection
	GlobalSection(ProjectConfigurationPlatforms) = postSolution
		{7B507CC6-1E83-4F8B-8E00-FDC414CAD736}.Debug|Any CPU.ActiveCfg = Debug|Any CPU
		{7B507CC6-1E83-4F8B-8E00-FDC414CAD736}.Debug|Any CPU.Build.0 = Debug|Any CPU
		{7B507CC6-1E83-4F8B-8E00-FDC414CAD736}.Debug|x64.ActiveCfg = Debug|Any CPU
		{7B507CC6-1E83-4F8B-8E00-FDC414CAD736}.Debug|x64.Build.0 = Debug|Any CPU
		{7B507CC6-1E83-4F8B-8E00-FDC414CAD736}.Debug|x86.ActiveCfg = Debug|Any CPU
		{7B507CC6-1E83-4F8B-8E00-FDC414CAD736}.Debug|x86.Build.0 = Debug|Any CPU
		{7B507CC6-1E83-4F8B-8E00-FDC414CAD736}.Release|Any CPU.ActiveCfg = Release|Any CPU
		{7B507CC6-1E83-4F8B-8E00-FDC414CAD736}.Release|Any CPU.Build.0 = Release|Any CPU
		{7B507CC6-1E83-4F8B-8E00-FDC414CAD736}.Release|x64.ActiveCfg = Release|Any CPU
		{7B507CC6-1E83-4F8B-8E00-FDC414CAD736}.Release|x64.Build.0 = Release|Any CPU
		{7B507CC6-1E83-4F8B-8E00-FDC414CAD736}.Release|x86.ActiveCfg = Release|Any CPU
		{7B507CC6-1E83-4F8B-8E00-FDC414CAD736}.Release|x86.Build.0 = Release|Any CPU
		{38708ACD-D1EC-41DA-B6E8-83B4ADCE2EBD}.Debug|Any CPU.ActiveCfg = Debug|Any CPU
		{38708ACD-D1EC-41DA-B6E8-83B4ADCE2EBD}.Debug|Any CPU.Build.0 = Debug|Any CPU
		{38708ACD-D1EC-41DA-B6E8-83B4ADCE2EBD}.Debug|x64.ActiveCfg = Debug|Any CPU
		{38708ACD-D1EC-41DA-B6E8-83B4ADCE2EBD}.Debug|x64.Build.0 = Debug|Any CPU
		{38708ACD-D1EC-41DA-B6E8-83B4ADCE2EBD}.Debug|x86.ActiveCfg = Debug|Any CPU
		{38708ACD-D1EC-41DA-B6E8-83B4ADCE2EBD}.Debug|x86.Build.0 = Debug|Any CPU
		{38708ACD-D1EC-41DA-B6E8-83B4ADCE2EBD}.Release|Any CPU.ActiveCfg = Release|Any CPU
		{38708ACD-D1EC-41DA-B6E8-83B4ADCE2EBD}.Release|Any CPU.Build.0 = Release|Any CPU
		{38708ACD-D1EC-41DA-B6E8-83B4ADCE2EBD}.Release|x64.ActiveCfg = Release|Any CPU
		{38708ACD-D1EC-41DA-B6E8-83B4ADCE2EBD}.Release|x64.Build.0 = Release|Any CPU
		{38708ACD-D1EC-41DA-B6E8-83B4ADCE2EBD}.Release|x86.ActiveCfg = Release|Any CPU
		{38708ACD-D1EC-41DA-B6E8-83B4ADCE2EBD}.Release|x86.Build.0 = Release|Any CPU
		{68A6A129-C753-4DAA-9735-0746B57CED47}.Debug|Any CPU.ActiveCfg = Debug|Any CPU
		{68A6A129-C753-4DAA-9735-0746B57CED47}.Debug|Any CPU.Build.0 = Debug|Any CPU
		{68A6A129-C753-4DAA-9735-0746B57CED47}.Debug|x64.ActiveCfg = Debug|Any CPU
		{68A6A129-C753-4DAA-9735-0746B57CED47}.Debug|x64.Build.0 = Debug|Any CPU
		{68A6A129-C753-4DAA-9735-0746B57CED47}.Debug|x86.ActiveCfg = Debug|Any CPU
		{68A6A129-C753-4DAA-9735-0746B57CED47}.Debug|x86.Build.0 = Debug|Any CPU
		{68A6A129-C753-4DAA-9735-0746B57CED47}.Release|Any CPU.ActiveCfg = Release|Any CPU
		{68A6A129-C753-4DAA-9735-0746B57CED47}.Release|Any CPU.Build.0 = Release|Any CPU
		{68A6A129-C753-4DAA-9735-0746B57CED47}.Release|x64.ActiveCfg = Release|Any CPU
		{68A6A129-C753-4DAA-9735-0746B57CED47}.Release|x64.Build.0 = Release|Any CPU
		{68A6A129-C753-4DAA-9735-0746B57CED47}.Release|x86.ActiveCfg = Release|Any CPU
		{68A6A129-C753-4DAA-9735-0746B57CED47}.Release|x86.Build.0 = Release|Any CPU
		{5A516C6C-3D1E-4D11-8A84-F9AA1301DA0F}.Debug|Any CPU.ActiveCfg = Debug|Any CPU
		{5A516C6C-3D1E-4D11-8A84-F9AA1301DA0F}.Debug|Any CPU.Build.0 = Debug|Any CPU
		{5A516C6C-3D1E-4D11-8A84-F9AA1301DA0F}.Debug|x64.ActiveCfg = Debug|Any CPU
		{5A516C6C-3D1E-4D11-8A84-F9AA1301DA0F}.Debug|x64.Build.0 = Debug|Any CPU
		{5A516C6C-3D1E-4D11-8A84-F9AA1301DA0F}.Debug|x86.ActiveCfg = Debug|Any CPU
		{5A516C6C-3D1E-4D11-8A84-F9AA1301DA0F}.Debug|x86.Build.0 = Debug|Any CPU
		{5A516C6C-3D1E-4D11-8A84-F9AA1301DA0F}.Release|Any CPU.ActiveCfg = Release|Any CPU
		{5A516C6C-3D1E-4D11-8A84-F9AA1301DA0F}.Release|Any CPU.Build.0 = Release|Any CPU
		{5A516C6C-3D1E-4D11-8A84-F9AA1301DA0F}.Release|x64.ActiveCfg = Release|Any CPU
		{5A516C6C-3D1E-4D11-8A84-F9AA1301DA0F}.Release|x64.Build.0 = Release|Any CPU
		{5A516C6C-3D1E-4D11-8A84-F9AA1301DA0F}.Release|x86.ActiveCfg = Release|Any CPU
		{5A516C6C-3D1E-4D11-8A84-F9AA1301DA0F}.Release|x86.Build.0 = Release|Any CPU
		{AA5316B9-E22B-44F1-94D0-6A759A3E9517}.Debug|Any CPU.ActiveCfg = Debug|Any CPU
		{AA5316B9-E22B-44F1-94D0-6A759A3E9517}.Debug|Any CPU.Build.0 = Debug|Any CPU
		{AA5316B9-E22B-44F1-94D0-6A759A3E9517}.Debug|x64.ActiveCfg = Debug|Any CPU
		{AA5316B9-E22B-44F1-94D0-6A759A3E9517}.Debug|x64.Build.0 = Debug|Any CPU
		{AA5316B9-E22B-44F1-94D0-6A759A3E9517}.Debug|x86.ActiveCfg = Debug|Any CPU
		{AA5316B9-E22B-44F1-94D0-6A759A3E9517}.Debug|x86.Build.0 = Debug|Any CPU
		{AA5316B9-E22B-44F1-94D0-6A759A3E9517}.Release|Any CPU.ActiveCfg = Release|Any CPU
		{AA5316B9-E22B-44F1-94D0-6A759A3E9517}.Release|Any CPU.Build.0 = Release|Any CPU
		{AA5316B9-E22B-44F1-94D0-6A759A3E9517}.Release|x64.ActiveCfg = Release|Any CPU
		{AA5316B9-E22B-44F1-94D0-6A759A3E9517}.Release|x64.Build.0 = Release|Any CPU
		{AA5316B9-E22B-44F1-94D0-6A759A3E9517}.Release|x86.ActiveCfg = Release|Any CPU
		{AA5316B9-E22B-44F1-94D0-6A759A3E9517}.Release|x86.Build.0 = Release|Any CPU
		{42F37055-4ADB-4056-AFC8-107FF2E374F7}.Debug|Any CPU.ActiveCfg = Debug|Any CPU
		{42F37055-4ADB-4056-AFC8-107FF2E374F7}.Debug|Any CPU.Build.0 = Debug|Any CPU
		{42F37055-4ADB-4056-AFC8-107FF2E374F7}.Debug|x64.ActiveCfg = Debug|Any CPU
		{42F37055-4ADB-4056-AFC8-107FF2E374F7}.Debug|x64.Build.0 = Debug|Any CPU
		{42F37055-4ADB-4056-AFC8-107FF2E374F7}.Debug|x86.ActiveCfg = Debug|Any CPU
		{42F37055-4ADB-4056-AFC8-107FF2E374F7}.Debug|x86.Build.0 = Debug|Any CPU
		{42F37055-4ADB-4056-AFC8-107FF2E374F7}.Release|Any CPU.ActiveCfg = Release|Any CPU
		{42F37055-4ADB-4056-AFC8-107FF2E374F7}.Release|Any CPU.Build.0 = Release|Any CPU
		{42F37055-4ADB-4056-AFC8-107FF2E374F7}.Release|x64.ActiveCfg = Release|Any CPU
		{42F37055-4ADB-4056-AFC8-107FF2E374F7}.Release|x64.Build.0 = Release|Any CPU
		{42F37055-4ADB-4056-AFC8-107FF2E374F7}.Release|x86.ActiveCfg = Release|Any CPU
		{42F37055-4ADB-4056-AFC8-107FF2E374F7}.Release|x86.Build.0 = Release|Any CPU
		{CB628A57-2519-4E17-874C-8CDF3CC78C30}.Debug|Any CPU.ActiveCfg = Debug|Any CPU
		{CB628A57-2519-4E17-874C-8CDF3CC78C30}.Debug|Any CPU.Build.0 = Debug|Any CPU
		{CB628A57-2519-4E17-874C-8CDF3CC78C30}.Debug|x64.ActiveCfg = Debug|Any CPU
		{CB628A57-2519-4E17-874C-8CDF3CC78C30}.Debug|x64.Build.0 = Debug|Any CPU
		{CB628A57-2519-4E17-874C-8CDF3CC78C30}.Debug|x86.ActiveCfg = Debug|Any CPU
		{CB628A57-2519-4E17-874C-8CDF3CC78C30}.Debug|x86.Build.0 = Debug|Any CPU
		{CB628A57-2519-4E17-874C-8CDF3CC78C30}.Release|Any CPU.ActiveCfg = Release|Any CPU
		{CB628A57-2519-4E17-874C-8CDF3CC78C30}.Release|Any CPU.Build.0 = Release|Any CPU
		{CB628A57-2519-4E17-874C-8CDF3CC78C30}.Release|x64.ActiveCfg = Release|Any CPU
		{CB628A57-2519-4E17-874C-8CDF3CC78C30}.Release|x64.Build.0 = Release|Any CPU
		{CB628A57-2519-4E17-874C-8CDF3CC78C30}.Release|x86.ActiveCfg = Release|Any CPU
		{CB628A57-2519-4E17-874C-8CDF3CC78C30}.Release|x86.Build.0 = Release|Any CPU
	EndGlobalSection
EndGlobal
